
Microsoft Visual Studio Solution File, Format Version 12.00
# Visual Studio 15
VisualStudioVersion = 15.0.28307.438
MinimumVisualStudioVersion = 10.0.40219.1
Project("{FAE04EC0-301F-11D3-BF4B-00C04F79EFBC}") = "xml_editor", "xml_editor\xml_editor.csproj", "{CFA1B3F0-FFB0-4236-B251-6B9C435819AE}"
EndProject
Global
	GlobalSection(SolutionConfigurationPlatforms) = preSolution
		Debug|Any CPU = Debug|Any CPU
		Release|Any CPU = Release|Any CPU
	EndGlobalSection
	GlobalSection(ProjectConfigurationPlatforms) = postSolution
		{CFA1B3F0-FFB0-4236-B251-6B9C435819AE}.Debug|Any CPU.ActiveCfg = Debug|Any CPU
		{CFA1B3F0-FFB0-4236-B251-6B9C435819AE}.Debug|Any CPU.Build.0 = Debug|Any CPU
		{CFA1B3F0-FFB0-4236-B251-6B9C435819AE}.Release|Any CPU.ActiveCfg = Release|Any CPU
		{CFA1B3F0-FFB0-4236-B251-6B9C435819AE}.Release|Any CPU.Build.0 = Release|Any CPU
	EndGlobalSection
	GlobalSection(SolutionProperties) = preSolution
		HideSolutionNode = FALSE
	EndGlobalSection
	GlobalSection(ExtensibilityGlobals) = postSolution
		SolutionGuid = {D4763E17-8FA3-4CC6-A071-1DE80FC5B377}
	EndGlobalSection
EndGlobal
